
Microsoft Visual Studio Solution File, Format Version 12.00
# Visual Studio Version 17
VisualStudioVersion = 17.4.33110.190
MinimumVisualStudioVersion = 10.0.40219.1
Project("{FAE04EC0-301F-11D3-BF4B-00C04F79EFBC}") = "CRUD_Operation_Employee", "CRUD_Operation_Employee\CRUD_Operation_Employee.csproj", "{81B81A7B-4518-44D7-A9E6-43376C1DE8DB}"
EndProject
Global
	GlobalSection(SolutionConfigurationPlatforms) = preSolution
		Debug|Any CPU = Debug|Any CPU
		Release|Any CPU = Release|Any CPU
	EndGlobalSection
	GlobalSection(ProjectConfigurationPlatforms) = postSolution
		{81B81A7B-4518-44D7-A9E6-43376C1DE8DB}.Debug|Any CPU.ActiveCfg = Debug|Any CPU
		{81B81A7B-4518-44D7-A9E6-43376C1DE8DB}.Debug|Any CPU.Build.0 = Debug|Any CPU
		{81B81A7B-4518-44D7-A9E6-43376C1DE8DB}.Release|Any CPU.ActiveCfg = Release|Any CPU
		{81B81A7B-4518-44D7-A9E6-43376C1DE8DB}.Release|Any CPU.Build.0 = Release|Any CPU
	EndGlobalSection
	GlobalSection(SolutionProperties) = preSolution
		HideSolutionNode = FALSE
	EndGlobalSection
	GlobalSection(ExtensibilityGlobals) = postSolution
		SolutionGuid = {6AEC189D-846B-484D-B40E-282A7AED9C3F}
	EndGlobalSection
EndGlobal
